{
  "requires": true,
  "lockfileVersion": 1,
  "dependencies": {
    "@antv/adjust": {
      "version": "0.1.1",
      "resolved": "http://registry.npm.taobao.org/@antv/adjust/download/@antv/adjust-0.1.1.tgz",
      "integrity": "sha1-4mOrDhoZQaZIhC/Ahs9lp+O3Xpg=",
      "requires": {
        "@antv/util": "~1.3.1"
      },
      "dependencies": {
        "@antv/util": {
          "version": "1.3.1",
          "resolved": "http://registry.npm.taobao.org/@antv/util/download/@antv/util-1.3.1.tgz",
          "integrity": "sha1-MKNLIB/5Em7A1YxyyBZqnD5kTM0=",
          "requires": {
            "@antv/gl-matrix": "^2.7.1"
          }
        }
      }
    },
    "@antv/attr": {
      "version": "0.1.2",
      "resolved": "http://registry.npm.taobao.org/@antv/attr/download/@antv/attr-0.1.2.tgz",
      "integrity": "sha1-LusSL8qvhRoth0mrx8YFGdP3fjc=",
      "requires": {
        "@antv/util": "~1.3.1"
      },
      "dependencies": {
        "@antv/util": {
          "version": "1.3.1",
          "resolved": "http://registry.npm.taobao.org/@antv/util/download/@antv/util-1.3.1.tgz",
          "integrity": "sha1-MKNLIB/5Em7A1YxyyBZqnD5kTM0=",
          "requires": {
            "@antv/gl-matrix": "^2.7.1"
          }
        }
      }
    },
    "@antv/f2": {
      "version": "3.3.8",
      "resolved": "http://registry.npm.taobao.org/@antv/f2/download/@antv/f2-3.3.8.tgz",
      "integrity": "sha1-G4pULWTEYwbfsp8SP4zNLeEkWWY=",
      "requires": {
        "@antv/adjust": "~0.1.1",
        "@antv/attr": "~0.1.0",
        "@antv/scale": "~0.1.2",
        "@antv/util": "~1.2.5",
        "hammerjs": "^2.0.8"
      }
    },
    "@antv/gl-matrix": {
      "version": "2.7.1",
      "resolved": "http://registry.npm.taobao.org/@antv/gl-matrix/download/@antv/gl-matrix-2.7.1.tgz",
      "integrity": "sha1-rLjjf3qz3wE0WrpDcteUK+QuuhQ="
    },
    "@antv/my-f2": {
      "version": "1.1.6",
      "resolved": "http://registry.npm.taobao.org/@antv/my-f2/download/@antv/my-f2-1.1.6.tgz",
      "integrity": "sha1-Qz+xwtTs5T5tf8KUlHv/gbau2l4=",
      "requires": {
        "@antv/f2": "~3.3.5",
        "wolfy87-eventemitter": "^5.2.4"
      }
    },
    "@antv/scale": {
      "version": "0.1.2",
      "resolved": "http://registry.npm.taobao.org/@antv/scale/download/@antv/scale-0.1.2.tgz",
      "integrity": "sha1-vZyzMDPYlEtSw+DkrM/WBUHDwUc=",
      "requires": {
        "@antv/util": "~1.3.1",
        "fecha": "~2.3.3"
      },
      "dependencies": {
        "@antv/util": {
          "version": "1.3.1",
          "resolved": "http://registry.npm.taobao.org/@antv/util/download/@antv/util-1.3.1.tgz",
          "integrity": "sha1-MKNLIB/5Em7A1YxyyBZqnD5kTM0=",
          "requires": {
            "@antv/gl-matrix": "^2.7.1"
          }
        }
      }
    },
    "@antv/util": {
      "version": "1.2.5",
      "resolved": "http://registry.npm.taobao.org/@antv/util/download/@antv/util-1.2.5.tgz",
      "integrity": "sha1-iJbFBV7Cnko0S12ql7+CkF99QM0=",
      "requires": {
        "@antv/gl-matrix": "^2.7.1"
      }
    },
    "dd-charts": {
      "version": "1.0.5",
      "resolved": "http://registry.npm.taobao.org/dd-charts/download/dd-charts-1.0.5.tgz",
      "integrity": "sha1-o6xXlsOKP8dzJil8tDuDzvX5OiA=",
      "requires": {
        "@antv/my-f2": "1.0.0"
      },
      "dependencies": {
        "@antv/f2": {
          "version": "3.1.22",
          "resolved": "http://registry.npm.taobao.org/@antv/f2/download/@antv/f2-3.1.22.tgz",
          "integrity": "sha1-L7n3LAWrC0p41q0CynaKSYsD24M=",
          "requires": {
            "fecha": "~2.3.1",
            "hammerjs": "^2.0.8"
          }
        },
        "@antv/my-f2": {
          "version": "1.0.0",
          "resolved": "http://registry.npm.taobao.org/@antv/my-f2/download/@antv/my-f2-1.0.0.tgz",
          "integrity": "sha1-05UCYVvRtedPP3cdo9G4xt77t0Y=",
          "requires": {
            "@antv/f2": "~3.1.15",
            "wolfy87-eventemitter": "^5.2.4"
          }
        }
      }
    },
    "fecha": {
      "version": "2.3.3",
      "resolved": "http://registry.npm.taobao.org/fecha/download/fecha-2.3.3.tgz",
      "integrity": "sha1-lI50FX3xoy/RsSw6PDzctuydls0="
    },
    "hammerjs": {
      "version": "2.0.8",
      "resolved": "http://registry.npm.taobao.org/hammerjs/download/hammerjs-2.0.8.tgz",
      "integrity": "sha1-BO93hiz/K7edMPdpIJWTAiK/YPE="
    },
    "wolfy87-eventemitter": {
      "version": "5.2.6",
      "resolved": "http://registry.npm.taobao.org/wolfy87-eventemitter/download/wolfy87-eventemitter-5.2.6.tgz",
      "integrity": "sha1-zF3pZdNAmeXBTsGJ7nJVOALTrOI="
    }
  }
}
